// !$*UTF8*$!
{
	archiveVersion = 1;
	classes = {
	};
	objectVersion = 48;
	objects = {

/* Begin PBXBuildFile section */
		D7F6F0F41F962CC9006395B9 /* ARORequest.h in Headers */ = {isa = PBXBuildFile; fileRef = D7F6F0F21F962CC9006395B9 /* ARORequest.h */; settings = {ATTRIBUTES = (Public, ); }; };
		D7F6F0FE1F962CDE006395B9 /* ResponseParser.swift in Sources */ = {isa = PBXBuildFile; fileRef = D7F6F0FA1F962CDE006395B9 /* ResponseParser.swift */; };
		D7F6F0FF1F962CDE006395B9 /* ApiRequestable.swift in Sources */ = {isa = PBXBuildFile; fileRef = D7F6F0FB1F962CDE006395B9 /* ApiRequestable.swift */; };
		D7F6F1001F962CDE006395B9 /* AROError.swift in Sources */ = {isa = PBXBuildFile; fileRef = D7F6F0FC1F962CDE006395B9 /* AROError.swift */; };
		D7F6F1011F962CDE006395B9 /* RequestState.swift in Sources */ = {isa = PBXBuildFile; fileRef = D7F6F0FD1F962CDE006395B9 /* RequestState.swift */; };
		D7F6F12F1F9635CF006395B9 /* RxSwift.framework in Frameworks */ = {isa = PBXBuildFile; fileRef = D7F6F1291F9635CF006395B9 /* RxSwift.framework */; };
		D7F6F1311F9635CF006395B9 /* ObjectMapper.framework in Frameworks */ = {isa = PBXBuildFile; fileRef = D7F6F12B1F9635CF006395B9 /* ObjectMapper.framework */; };
		D7F6F1331F9635CF006395B9 /* Alamofire.framework in Frameworks */ = {isa = PBXBuildFile; fileRef = D7F6F12D1F9635CF006395B9 /* Alamofire.framework */; };
/* End PBXBuildFile section */

/* Begin PBXFileReference section */
		D7F6F0EF1F962CC9006395B9 /* ARORequest.framework */ = {isa = PBXFileReference; explicitFileType = wrapper.framework; includeInIndex = 0; path = ARORequest.framework; sourceTree = BUILT_PRODUCTS_DIR; };
		D7F6F0F21F962CC9006395B9 /* ARORequest.h */ = {isa = PBXFileReference; lastKnownFileType = sourcecode.c.h; path = ARORequest.h; sourceTree = "<group>"; };
		D7F6F0F31F962CC9006395B9 /* Info.plist */ = {isa = PBXFileReference; lastKnownFileType = text.plist.xml; path = Info.plist; sourceTree = "<group>"; };
		D7F6F0FA1F962CDE006395B9 /* ResponseParser.swift */ = {isa = PBXFileReference; fileEncoding = 4; lastKnownFileType = sourcecode.swift; name = ResponseParser.swift; path = ../../../Sources/ResponseParser.swift; sourceTree = "<group>"; };
		D7F6F0FB1F962CDE006395B9 /* ApiRequestable.swift */ = {isa = PBXFileReference; fileEncoding = 4; lastKnownFileType = sourcecode.swift; name = ApiRequestable.swift; path = ../../../Sources/ApiRequestable.swift; sourceTree = "<group>"; };
		D7F6F0FC1F962CDE006395B9 /* AROError.swift */ = {isa = PBXFileReference; fileEncoding = 4; lastKnownFileType = sourcecode.swift; name = AROError.swift; path = ../../../Sources/AROError.swift; sourceTree = "<group>"; };
		D7F6F0FD1F962CDE006395B9 /* RequestState.swift */ = {isa = PBXFileReference; fileEncoding = 4; lastKnownFileType = sourcecode.swift; name = RequestState.swift; path = ../../../Sources/RequestState.swift; sourceTree = "<group>"; };
		D7F6F1291F9635CF006395B9 /* RxSwift.framework */ = {isa = PBXFileReference; lastKnownFileType = wrapper.framework; name = RxSwift.framework; path = ../Build/iOS/RxSwift.framework; sourceTree = "<group>"; };
		D7F6F12B1F9635CF006395B9 /* ObjectMapper.framework */ = {isa = PBXFileReference; lastKnownFileType = wrapper.framework; name = ObjectMapper.framework; path = ../Build/iOS/ObjectMapper.framework; sourceTree = "<group>"; };
		D7F6F12D1F9635CF006395B9 /* Alamofire.framework */ = {isa = PBXFileReference; lastKnownFileType = wrapper.framework; name = Alamofire.framework; path = ../Build/iOS/Alamofire.framework; sourceTree = "<group>"; };
/* End PBXFileReference section */

/* Begin PBXFrameworksBuildPhase section */
		D7F6F0EB1F962CC9006395B9 /* Frameworks */ = {
			isa = PBXFrameworksBuildPhase;
			buildActionMask = 2147483647;
			files = (
				D7F6F12F1F9635CF006395B9 /* RxSwift.framework in Frameworks */,
				D7F6F1311F9635CF006395B9 /* ObjectMapper.framework in Frameworks */,
				D7F6F1331F9635CF006395B9 /* Alamofire.framework in Frameworks */,
			);
			runOnlyForDeploymentPostprocessing = 0;
		};
/* End PBXFrameworksBuildPhase section */

/* Begin PBXGroup section */
		D7F6F0E51F962CC9006395B9 = {
			isa = PBXGroup;
			children = (
				D7F6F0F11F962CC9006395B9 /* ARORequest */,
				D7F6F0F01F962CC9006395B9 /* Products */,
				D7F6F1021F962EA5006395B9 /* Frameworks */,
			);
			sourceTree = "<group>";
		};
		D7F6F0F01F962CC9006395B9 /* Products */ = {
			isa = PBXGroup;
			children = (
				D7F6F0EF1F962CC9006395B9 /* ARORequest.framework */,
			);
			name = Products;
			sourceTree = "<group>";
		};
		D7F6F0F11F962CC9006395B9 /* ARORequest */ = {
			isa = PBXGroup;
			children = (
				D7F6F0F21F962CC9006395B9 /* ARORequest.h */,
				D7F6F0FB1F962CDE006395B9 /* ApiRequestable.swift */,
				D7F6F0FC1F962CDE006395B9 /* AROError.swift */,
				D7F6F0FD1F962CDE006395B9 /* RequestState.swift */,
				D7F6F0FA1F962CDE006395B9 /* ResponseParser.swift */,
				D7F6F0F31F962CC9006395B9 /* Info.plist */,
			);
			path = ARORequest;
			sourceTree = "<group>";
		};
		D7F6F1021F962EA5006395B9 /* Frameworks */ = {
			isa = PBXGroup;
			children = (
				D7F6F12D1F9635CF006395B9 /* Alamofire.framework */,
				D7F6F12B1F9635CF006395B9 /* ObjectMapper.framework */,
				D7F6F1291F9635CF006395B9 /* RxSwift.framework */,
			);
			name = Frameworks;
			sourceTree = "<group>";
		};
/* End PBXGroup section */

/* Begin PBXHeadersBuildPhase section */
		D7F6F0EC1F962CC9006395B9 /* Headers */ = {
			isa = PBXHeadersBuildPhase;
			buildActionMask = 2147483647;
			files = (
				D7F6F0F41F962CC9006395B9 /* ARORequest.h in Headers */,
			);
			runOnlyForDeploymentPostprocessing = 0;
		};
/* End PBXHeadersBuildPhase section */

/* Begin PBXNativeTarget section */
		D7F6F0EE1F962CC9006395B9 /* ARORequest */ = {
			isa = PBXNativeTarget;
			buildConfigurationList = D7F6F0F71F962CC9006395B9 /* Build configuration list for PBXNativeTarget "ARORequest" */;
			buildPhases = (
				D7F6F0EA1F962CC9006395B9 /* Sources */,
				D7F6F0EB1F962CC9006395B9 /* Frameworks */,
				D7F6F0EC1F962CC9006395B9 /* Headers */,
				D7F6F0ED1F962CC9006395B9 /* Resources */,
			);
			buildRules = (
			);
			dependencies = (
			);
			name = ARORequest;
			productName = ARORequest;
			productReference = D7F6F0EF1F962CC9006395B9 /* ARORequest.framework */;
			productType = "com.apple.product-type.framework";
		};
/* End PBXNativeTarget section */

/* Begin PBXProject section */
		D7F6F0E61F962CC9006395B9 /* Project object */ = {
			isa = PBXProject;
			attributes = {
				LastUpgradeCheck = 0900;
				ORGANIZATIONNAME = "Tomoya Hirano";
				TargetAttributes = {
					D7F6F0EE1F962CC9006395B9 = {
						CreatedOnToolsVersion = 9.0.1;
						LastSwiftMigration = 0900;
						ProvisioningStyle = Automatic;
					};
				};
			};
			buildConfigurationList = D7F6F0E91F962CC9006395B9 /* Build configuration list for PBXProject "ARORequest" */;
			compatibilityVersion = "Xcode 8.0";
			developmentRegion = en;
			hasScannedForEncodings = 0;
			knownRegions = (
				en,
			);
			mainGroup = D7F6F0E51F962CC9006395B9;
			productRefGroup = D7F6F0F01F962CC9006395B9 /* Products */;
			projectDirPath = "";
			projectRoot = "";
			targets = (
				D7F6F0EE1F962CC9006395B9 /* ARORequest */,
			);
		};
/* End PBXProject section */

/* Begin PBXResourcesBuildPhase section */
		D7F6F0ED1F962CC9006395B9 /* Resources */ = {
			isa = PBXResourcesBuildPhase;
			buildActionMask = 2147483647;
			files = (
			);
			runOnlyForDeploymentPostprocessing = 0;
		};
/* End PBXResourcesBuildPhase section */

/* Begin PBXSourcesBuildPhase section */
		D7F6F0EA1F962CC9006395B9 /* Sources */ = {
			isa = PBXSourcesBuildPhase;
			buildActionMask = 2147483647;
			files = (
				D7F6F0FF1F962CDE006395B9 /* ApiRequestable.swift in Sources */,
				D7F6F1001F962CDE006395B9 /* AROError.swift in Sources */,
				D7F6F0FE1F962CDE006395B9 /* ResponseParser.swift in Sources */,
				D7F6F1011F962CDE006395B9 /* RequestState.swift in Sources */,
			);
			runOnlyForDeploymentPostprocessing = 0;
		};
/* End PBXSourcesBuildPhase section */

/* Begin XCBuildConfiguration section */
		D7F6F0F51F962CC9006395B9 /* Debug */ = {
			isa = XCBuildConfiguration;
			buildSettings = {
				ALWAYS_SEARCH_USER_PATHS = NO;
				CLANG_ANALYZER_NONNULL = YES;
				CLANG_ANALYZER_NUMBER_OBJECT_CONVERSION = YES_AGGRESSIVE;
				CLANG_CXX_LANGUAGE_STANDARD = "gnu++14";
				CLANG_CXX_LIBRARY = "libc++";
				CLANG_ENABLE_MODULES = YES;
				CLANG_ENABLE_OBJC_ARC = YES;
				CLANG_WARN_BLOCK_CAPTURE_AUTORELEASING = YES;
				CLANG_WARN_BOOL_CONVERSION = YES;
				CLANG_WARN_COMMA = YES;
				CLANG_WARN_CONSTANT_CONVERSION = YES;
				CLANG_WARN_DIRECT_OBJC_ISA_USAGE = YES_ERROR;
				CLANG_WARN_DOCUMENTATION_COMMENTS = YES;
				CLANG_WARN_EMPTY_BODY = YES;
				CLANG_WARN_ENUM_CONVERSION = YES;
				CLANG_WARN_INFINITE_RECURSION = YES;
				CLANG_WARN_INT_CONVERSION = YES;
				CLANG_WARN_NON_LITERAL_NULL_CONVERSION = YES;
				CLANG_WARN_OBJC_LITERAL_CONVERSION = YES;
				CLANG_WARN_OBJC_ROOT_CLASS = YES_ERROR;
				CLANG_WARN_RANGE_LOOP_ANALYSIS = YES;
				CLANG_WARN_STRICT_PROTOTYPES = YES;
				CLANG_WARN_SUSPICIOUS_MOVE = YES;
				CLANG_WARN_UNGUARDED_AVAILABILITY = YES_AGGRESSIVE;
				CLANG_WARN_UNREACHABLE_CODE = YES;
				CLANG_WARN__DUPLICATE_METHOD_MATCH = YES;
				CODE_SIGN_IDENTITY = "iPhone Developer";
				COPY_PHASE_STRIP = NO;
				CURRENT_PROJECT_VERSION = 1;
				DEBUG_INFORMATION_FORMAT = dwarf;
				ENABLE_STRICT_OBJC_MSGSEND = YES;
				ENABLE_TESTABILITY = YES;
				GCC_C_LANGUAGE_STANDARD = gnu11;
				GCC_DYNAMIC_NO_PIC = NO;
				GCC_NO_COMMON_BLOCKS = YES;
				GCC_OPTIMIZATION_LEVEL = 0;
				GCC_PREPROCESSOR_DEFINITIONS = (
					"DEBUG=1",
					"$(inherited)",
				);
				GCC_WARN_64_TO_32_BIT_CONVERSION = YES;
				GCC_WARN_ABOUT_RETURN_TYPE = YES_ERROR;
				GCC_WARN_UNDECLARED_SELECTOR = YES;
				GCC_WARN_UNINITIALIZED_AUTOS = YES_AGGRESSIVE;
				GCC_WARN_UNUSED_FUNCTION = YES;
				GCC_WARN_UNUSED_VARIABLE = YES;
				IPHONEOS_DEPLOYMENT_TARGET = 9.0;
				MTL_ENABLE_DEBUG_INFO = YES;
				ONLY_ACTIVE_ARCH = YES;
				SDKROOT = iphoneos;
				SWIFT_ACTIVE_COMPILATION_CONDITIONS = DEBUG;
				SWIFT_OPTIMIZATION_LEVEL = "-Onone";
				VERSIONING_SYSTEM = "apple-generic";
				VERSION_INFO_PREFIX = "";
			};
			name = Debug;
		};
		D7F6F0F61F962CC9006395B9 /* Release */ = {
			isa = XCBuildConfiguration;
			buildSettings = {
				ALWAYS_SEARCH_USER_PATHS = NO;
				CLANG_ANALYZER_NONNULL = YES;
				CLANG_ANALYZER_NUMBER_OBJECT_CONVERSION = YES_AGGRESSIVE;
				CLANG_CXX_LANGUAGE_STANDARD = "gnu++14";
				CLANG_CXX_LIBRARY = "libc++";
				CLANG_ENABLE_MODULES = YES;
				CLANG_ENABLE_OBJC_ARC = YES;
				CLANG_WARN_BLOCK_CAPTURE_AUTORELEASING = YES;
				CLANG_WARN_BOOL_CONVERSION = YES;
				CLANG_WARN_COMMA = YES;
				CLANG_WARN_CONSTANT_CONVERSION = YES;
				CLANG_WARN_DIRECT_OBJC_ISA_USAGE = YES_ERROR;
				CLANG_WARN_DOCUMENTATION_COMMENTS = YES;
				CLANG_WARN_EMPTY_BODY = YES;
				CLANG_WARN_ENUM_CONVERSION = YES;
				CLANG_WARN_INFINITE_RECURSION = YES;
				CLANG_WARN_INT_CONVERSION = YES;
				CLANG_WARN_NON_LITERAL_NULL_CONVERSION = YES;
				CLANG_WARN_OBJC_LITERAL_CONVERSION = YES;
				CLANG_WARN_OBJC_ROOT_CLASS = YES_ERROR;
				CLANG_WARN_RANGE_LOOP_ANALYSIS = YES;
				CLANG_WARN_STRICT_PROTOTYPES = YES;
				CLANG_WARN_SUSPICIOUS_MOVE = YES;
				CLANG_WARN_UNGUARDED_AVAILABILITY = YES_AGGRESSIVE;
				CLANG_WARN_UNREACHABLE_CODE = YES;
				CLANG_WARN__DUPLICATE_METHOD_MATCH = YES;
				CODE_SIGN_IDENTITY = "iPhone Developer";
				COPY_PHASE_STRIP = NO;
				CURRENT_PROJECT_VERSION = 1;
				DEBUG_INFORMATION_FORMAT = "dwarf-with-dsym";
				ENABLE_NS_ASSERTIONS = NO;
				ENABLE_STRICT_OBJC_MSGSEND = YES;
				GCC_C_LANGUAGE_STANDARD = gnu11;
				GCC_NO_COMMON_BLOCKS = YES;
				GCC_WARN_64_TO_32_BIT_CONVERSION = YES;
				GCC_WARN_ABOUT_RETURN_TYPE = YES_ERROR;
				GCC_WARN_UNDECLARED_SELECTOR = YES;
				GCC_WARN_UNINITIALIZED_AUTOS = YES_AGGRESSIVE;
				GCC_WARN_UNUSED_FUNCTION = YES;
				GCC_WARN_UNUSED_VARIABLE = YES;
				IPHONEOS_DEPLOYMENT_TARGET = 9.0;
				MTL_ENABLE_DEBUG_INFO = NO;
				SDKROOT = iphoneos;
				SWIFT_OPTIMIZATION_LEVEL = "-Owholemodule";
				VALIDATE_PRODUCT = YES;
				VERSIONING_SYSTEM = "apple-generic";
				VERSION_INFO_PREFIX = "";
			};
			name = Release;
		};
		D7F6F0F81F962CC9006395B9 /* Debug */ = {
			isa = XCBuildConfiguration;
			buildSettings = {
				CLANG_ENABLE_MODULES = YES;
				CODE_SIGN_IDENTITY = "";
				CODE_SIGN_STYLE = Automatic;
				DEFINES_MODULE = YES;
				DYLIB_COMPATIBILITY_VERSION = 1;
				DYLIB_CURRENT_VERSION = 1;
				DYLIB_INSTALL_NAME_BASE = "@rpath";
				FRAMEWORK_SEARCH_PATHS = (
					"$(PROJECT_DIR)/../Build/iOS",
					"$(inherited)",
				);
				INFOPLIST_FILE = ARORequest/Info.plist;
				INSTALL_PATH = "$(LOCAL_LIBRARY_DIR)/Frameworks";
				LD_RUNPATH_SEARCH_PATHS = "$(inherited) @executable_path/Frameworks @loader_path/Frameworks";
				PRODUCT_BUNDLE_IDENTIFIER = net.heartofsword.ARORequest;
				PRODUCT_NAME = "$(TARGET_NAME:c99extidentifier)";
				SKIP_INSTALL = YES;
				SWIFT_OPTIMIZATION_LEVEL = "-Onone";
				SWIFT_VERSION = 4.0;
				TARGETED_DEVICE_FAMILY = "1,2";
			};
			name = Debug;
		};
		D7F6F0F91F962CC9006395B9 /* Release */ = {
			isa = XCBuildConfiguration;
			buildSettings = {
				CLANG_ENABLE_MODULES = YES;
				CODE_SIGN_IDENTITY = "";
				CODE_SIGN_STYLE = Automatic;
				DEFINES_MODULE = YES;
				DYLIB_COMPATIBILITY_VERSION = 1;
				DYLIB_CURRENT_VERSION = 1;
				DYLIB_INSTALL_NAME_BASE = "@rpath";
				FRAMEWORK_SEARCH_PATHS = (
					"$(PROJECT_DIR)/../Build/iOS",
					"$(inherited)",
				);
				INFOPLIST_FILE = ARORequest/Info.plist;
				INSTALL_PATH = "$(LOCAL_LIBRARY_DIR)/Frameworks";
				LD_RUNPATH_SEARCH_PATHS = "$(inherited) @executable_path/Frameworks @loader_path/Frameworks";
				PRODUCT_BUNDLE_IDENTIFIER = net.heartofsword.ARORequest;
				PRODUCT_NAME = "$(TARGET_NAME:c99extidentifier)";
				SKIP_INSTALL = YES;
				SWIFT_VERSION = 4.0;
				TARGETED_DEVICE_FAMILY = "1,2";
			};
			name = Release;
		};
/* End XCBuildConfiguration section */

/* Begin XCConfigurationList section */
		D7F6F0E91F962CC9006395B9 /* Build configuration list for PBXProject "ARORequest" */ = {
			isa = XCConfigurationList;
			buildConfigurations = (
				D7F6F0F51F962CC9006395B9 /* Debug */,
				D7F6F0F61F962CC9006395B9 /* Release */,
			);
			defaultConfigurationIsVisible = 0;
			defaultConfigurationName = Release;
		};
		D7F6F0F71F962CC9006395B9 /* Build configuration list for PBXNativeTarget "ARORequest" */ = {
			isa = XCConfigurationList;
			buildConfigurations = (
				D7F6F0F81F962CC9006395B9 /* Debug */,
				D7F6F0F91F962CC9006395B9 /* Release */,
			);
			defaultConfigurationIsVisible = 0;
			defaultConfigurationName = Release;
		};
/* End XCConfigurationList section */
	};
	rootObject = D7F6F0E61F962CC9006395B9 /* Project object */;
}
